// !$*UTF8*$!
{
	archiveVersion = 1;
	classes = {
	};
	objectVersion = 46;
	objects = {

/* Begin PBXBuildFile section */
		D0583E261DEBC48700AC553A /* AppDelegate.swift in Sources */ = {isa = PBXBuildFile; fileRef = D0583E251DEBC48700AC553A /* AppDelegate.swift */; };
		D0583E281DEBC48700AC553A /* ViewController.swift in Sources */ = {isa = PBXBuildFile; fileRef = D0583E271DEBC48700AC553A /* ViewController.swift */; };
		D0583E2B1DEBC48700AC553A /* Main.storyboard in Resources */ = {isa = PBXBuildFile; fileRef = D0583E291DEBC48700AC553A /* Main.storyboard */; };
		D0583E2E1DEBC48700AC553A /* Pokedex.xcdatamodeld in Sources */ = {isa = PBXBuildFile; fileRef = D0583E2C1DEBC48700AC553A /* Pokedex.xcdatamodeld */; };
		D0583E301DEBC48700AC553A /* Assets.xcassets in Resources */ = {isa = PBXBuildFile; fileRef = D0583E2F1DEBC48700AC553A /* Assets.xcassets */; };
		D0583E331DEBC48700AC553A /* LaunchScreen.storyboard in Resources */ = {isa = PBXBuildFile; fileRef = D0583E311DEBC48700AC553A /* LaunchScreen.storyboard */; };
/* End PBXBuildFile section */

/* Begin PBXFileReference section */
		D0583E221DEBC48700AC553A /* Pokedex.app */ = {isa = PBXFileReference; explicitFileType = wrapper.application; includeInIndex = 0; path = Pokedex.app; sourceTree = BUILT_PRODUCTS_DIR; };
		D0583E251DEBC48700AC553A /* AppDelegate.swift */ = {isa = PBXFileReference; lastKnownFileType = sourcecode.swift; path = AppDelegate.swift; sourceTree = "<group>"; };
		D0583E271DEBC48700AC553A /* ViewController.swift */ = {isa = PBXFileReference; lastKnownFileType = sourcecode.swift; path = ViewController.swift; sourceTree = "<group>"; };
		D0583E2A1DEBC48700AC553A /* Base */ = {isa = PBXFileReference; lastKnownFileType = file.storyboard; name = Base; path = Base.lproj/Main.storyboard; sourceTree = "<group>"; };
		D0583E2D1DEBC48700AC553A /* Pokedex.xcdatamodel */ = {isa = PBXFileReference; lastKnownFileType = wrapper.xcdatamodel; path = Pokedex.xcdatamodel; sourceTree = "<group>"; };
		D0583E2F1DEBC48700AC553A /* Assets.xcassets */ = {isa = PBXFileReference; lastKnownFileType = folder.assetcatalog; path = Assets.xcassets; sourceTree = "<group>"; };
		D0583E321DEBC48700AC553A /* Base */ = {isa = PBXFileReference; lastKnownFileType = file.storyboard; name = Base; path = Base.lproj/LaunchScreen.storyboard; sourceTree = "<group>"; };
		D0583E341DEBC48700AC553A /* Info.plist */ = {isa = PBXFileReference; lastKnownFileType = text.plist.xml; path = Info.plist; sourceTree = "<group>"; };
/* End PBXFileReference section */

/* Begin PBXFrameworksBuildPhase section */
		D0583E1F1DEBC48700AC553A /* Frameworks */ = {
			isa = PBXFrameworksBuildPhase;
			buildActionMask = 2147483647;
			files = (
			);
			runOnlyForDeploymentPostprocessing = 0;
		};
/* End PBXFrameworksBuildPhase section */

/* Begin PBXGroup section */
		D0583E191DEBC48700AC553A = {
			isa = PBXGroup;
			children = (
				D0583E241DEBC48700AC553A /* Pokedex */,
				D0583E231DEBC48700AC553A /* Products */,
			);
			sourceTree = "<group>";
		};
		D0583E231DEBC48700AC553A /* Products */ = {
			isa = PBXGroup;
			children = (
				D0583E221DEBC48700AC553A /* Pokedex.app */,
			);
			name = Products;
			sourceTree = "<group>";
		};
		D0583E241DEBC48700AC553A /* Pokedex */ = {
			isa = PBXGroup;
			children = (
				D0583E251DEBC48700AC553A /* AppDelegate.swift */,
				D0583E271DEBC48700AC553A /* ViewController.swift */,
				D0583E291DEBC48700AC553A /* Main.storyboard */,
				D0583E2F1DEBC48700AC553A /* Assets.xcassets */,
				D0583E311DEBC48700AC553A /* LaunchScreen.storyboard */,
				D0583E341DEBC48700AC553A /* Info.plist */,
				D0583E2C1DEBC48700AC553A /* Pokedex.xcdatamodeld */,
			);
			path = Pokedex;
			sourceTree = "<group>";
		};
/* End PBXGroup section */

/* Begin PBXNativeTarget section */
		D0583E211DEBC48700AC553A /* Pokedex */ = {
			isa = PBXNativeTarget;
			buildConfigurationList = D0583E371DEBC48700AC553A /* Build configuration list for PBXNativeTarget "Pokedex" */;
			buildPhases = (
				D0583E1E1DEBC48700AC553A /* Sources */,
				D0583E1F1DEBC48700AC553A /* Frameworks */,
				D0583E201DEBC48700AC553A /* Resources */,
			);
			buildRules = (
			);
			dependencies = (
			);
			name = Pokedex;
			productName = Pokedex;
			productReference = D0583E221DEBC48700AC553A /* Pokedex.app */;
			productType = "com.apple.product-type.application";
		};
/* End PBXNativeTarget section */

/* Begin PBXProject section */
		D0583E1A1DEBC48700AC553A /* Project object */ = {
			isa = PBXProject;
			attributes = {
				LastSwiftUpdateCheck = 0800;
				LastUpgradeCheck = 0800;
				ORGANIZATIONNAME = "Macbook Air";
				TargetAttributes = {
					D0583E211DEBC48700AC553A = {
						CreatedOnToolsVersion = 8.0;
						DevelopmentTeam = 528XV59TD6;
						ProvisioningStyle = Automatic;
					};
				};
			};
			buildConfigurationList = D0583E1D1DEBC48700AC553A /* Build configuration list for PBXProject "Pokedex" */;
			compatibilityVersion = "Xcode 3.2";
			developmentRegion = English;
			hasScannedForEncodings = 0;
			knownRegions = (
				en,
				Base,
			);
			mainGroup = D0583E191DEBC48700AC553A;
			productRefGroup = D0583E231DEBC48700AC553A /* Products */;
			projectDirPath = "";
			projectRoot = "";
			targets = (
				D0583E211DEBC48700AC553A /* Pokedex */,
			);
		};
/* End PBXProject section */

/* Begin PBXResourcesBuildPhase section */
		D0583E201DEBC48700AC553A /* Resources */ = {
			isa = PBXResourcesBuildPhase;
			buildActionMask = 2147483647;
			files = (
				D0583E331DEBC48700AC553A /* LaunchScreen.storyboard in Resources */,
				D0583E301DEBC48700AC553A /* Assets.xcassets in Resources */,
				D0583E2B1DEBC48700AC553A /* Main.storyboard in Resources */,
			);
			runOnlyForDeploymentPostprocessing = 0;
		};
/* End PBXResourcesBuildPhase section */

/* Begin PBXSourcesBuildPhase section */
		D0583E1E1DEBC48700AC553A /* Sources */ = {
			isa = PBXSourcesBuildPhase;
			buildActionMask = 2147483647;
			files = (
				D0583E281DEBC48700AC553A /* ViewController.swift in Sources */,
				D0583E2E1DEBC48700AC553A /* Pokedex.xcdatamodeld in Sources */,
				D0583E261DEBC48700AC553A /* AppDelegate.swift in Sources */,
			);
			runOnlyForDeploymentPostprocessing = 0;
		};
/* End PBXSourcesBuildPhase section */

/* Begin PBXVariantGroup section */
		D0583E291DEBC48700AC553A /* Main.storyboard */ = {
			isa = PBXVariantGroup;
			children = (
				D0583E2A1DEBC48700AC553A /* Base */,
			);
			name = Main.storyboard;
			sourceTree = "<group>";
		};
		D0583E311DEBC48700AC553A /* LaunchScreen.storyboard */ = {
			isa = PBXVariantGroup;
			children = (
				D0583E321DEBC48700AC553A /* Base */,
			);
			name = LaunchScreen.storyboard;
			sourceTree = "<group>";
		};
/* End PBXVariantGroup section */

/* Begin XCBuildConfiguration section */
		D0583E351DEBC48700AC553A /* Debug */ = {
			isa = XCBuildConfiguration;
			buildSettings = {
				ALWAYS_SEARCH_USER_PATHS = NO;
				CLANG_ANALYZER_NONNULL = YES;
				CLANG_CXX_LANGUAGE_STANDARD = "gnu++0x";
				CLANG_CXX_LIBRARY = "libc++";
				CLANG_ENABLE_MODULES = YES;
				CLANG_ENABLE_OBJC_ARC = YES;
				CLANG_WARN_BOOL_CONVERSION = YES;
				CLANG_WARN_CONSTANT_CONVERSION = YES;
				CLANG_WARN_DIRECT_OBJC_ISA_USAGE = YES_ERROR;
				CLANG_WARN_DOCUMENTATION_COMMENTS = YES;
				CLANG_WARN_EMPTY_BODY = YES;
				CLANG_WARN_ENUM_CONVERSION = YES;
				CLANG_WARN_INFINITE_RECURSION = YES;
				CLANG_WARN_INT_CONVERSION = YES;
				CLANG_WARN_OBJC_ROOT_CLASS = YES_ERROR;
				CLANG_WARN_SUSPICIOUS_MOVES = YES;
				CLANG_WARN_UNREACHABLE_CODE = YES;
				CLANG_WARN__DUPLICATE_METHOD_MATCH = YES;
				"CODE_SIGN_IDENTITY[sdk=iphoneos*]" = "iPhone Developer";
				COPY_PHASE_STRIP = NO;
				DEBUG_INFORMATION_FORMAT = dwarf;
				ENABLE_STRICT_OBJC_MSGSEND = YES;
				ENABLE_TESTABILITY = YES;
				GCC_C_LANGUAGE_STANDARD = gnu99;
				GCC_DYNAMIC_NO_PIC = NO;
				GCC_NO_COMMON_BLOCKS = YES;
				GCC_OPTIMIZATION_LEVEL = 0;
				GCC_PREPROCESSOR_DEFINITIONS = (
					"DEBUG=1",
					"$(inherited)",
				);
				GCC_WARN_64_TO_32_BIT_CONVERSION = YES;
				GCC_WARN_ABOUT_RETURN_TYPE = YES_ERROR;
				GCC_WARN_UNDECLARED_SELECTOR = YES;
				GCC_WARN_UNINITIALIZED_AUTOS = YES_AGGRESSIVE;
				GCC_WARN_UNUSED_FUNCTION = YES;
				GCC_WARN_UNUSED_VARIABLE = YES;
				IPHONEOS_DEPLOYMENT_TARGET = 10.0;
				MTL_ENABLE_DEBUG_INFO = YES;
				ONLY_ACTIVE_ARCH = YES;
				SDKROOT = iphoneos;
				SWIFT_ACTIVE_COMPILATION_CONDITIONS = DEBUG;
				SWIFT_OPTIMIZATION_LEVEL = "-Onone";
				TARGETED_DEVICE_FAMILY = "1,2";
			};
			name = Debug;
		};
		D0583E361DEBC48700AC553A /* Release */ = {
			isa = XCBuildConfiguration;
			buildSettings = {
				ALWAYS_SEARCH_USER_PATHS = NO;
				CLANG_ANALYZER_NONNULL = YES;
				CLANG_CXX_LANGUAGE_STANDARD = "gnu++0x";
				CLANG_CXX_LIBRARY = "libc++";
				CLANG_ENABLE_MODULES = YES;
				CLANG_ENABLE_OBJC_ARC = YES;
				CLANG_WARN_BOOL_CONVERSION = YES;
				CLANG_WARN_CONSTANT_CONVERSION = YES;
				CLANG_WARN_DIRECT_OBJC_ISA_USAGE = YES_ERROR;
				CLANG_WARN_DOCUMENTATION_COMMENTS = YES;
				CLANG_WARN_EMPTY_BODY = YES;
				CLANG_WARN_ENUM_CONVERSION = YES;
				CLANG_WARN_INFINITE_RECURSION = YES;
				CLANG_WARN_INT_CONVERSION = YES;
				CLANG_WARN_OBJC_ROOT_CLASS = YES_ERROR;
				CLANG_WARN_SUSPICIOUS_MOVES = YES;
				CLANG_WARN_UNREACHABLE_CODE = YES;
				CLANG_WARN__DUPLICATE_METHOD_MATCH = YES;
				"CODE_SIGN_IDENTITY[sdk=iphoneos*]" = "iPhone Developer";
				COPY_PHASE_STRIP = NO;
				DEBUG_INFORMATION_FORMAT = "dwarf-with-dsym";
				ENABLE_NS_ASSERTIONS = NO;
				ENABLE_STRICT_OBJC_MSGSEND = YES;
				GCC_C_LANGUAGE_STANDARD = gnu99;
				GCC_NO_COMMON_BLOCKS = YES;
				GCC_WARN_64_TO_32_BIT_CONVERSION = YES;
				GCC_WARN_ABOUT_RETURN_TYPE = YES_ERROR;
				GCC_WARN_UNDECLARED_SELECTOR = YES;
				GCC_WARN_UNINITIALIZED_AUTOS = YES_AGGRESSIVE;
				GCC_WARN_UNUSED_FUNCTION = YES;
				GCC_WARN_UNUSED_VARIABLE = YES;
				IPHONEOS_DEPLOYMENT_TARGET = 10.0;
				MTL_ENABLE_DEBUG_INFO = NO;
				SDKROOT = iphoneos;
				SWIFT_OPTIMIZATION_LEVEL = "-Owholemodule";
				TARGETED_DEVICE_FAMILY = "1,2";
				VALIDATE_PRODUCT = YES;
			};
			name = Release;
		};
		D0583E381DEBC48700AC553A /* Debug */ = {
			isa = XCBuildConfiguration;
			buildSettings = {
				ASSETCATALOG_COMPILER_APPICON_NAME = AppIcon;
				DEVELOPMENT_TEAM = 528XV59TD6;
				INFOPLIST_FILE = Pokedex/Info.plist;
				LD_RUNPATH_SEARCH_PATHS = "$(inherited) @executable_path/Frameworks";
				PRODUCT_BUNDLE_IDENTIFIER = Linh.Pokedex;
				PRODUCT_NAME = "$(TARGET_NAME)";
				SWIFT_VERSION = 3.0;
			};
			name = Debug;
		};
		D0583E391DEBC48700AC553A /* Release */ = {
			isa = XCBuildConfiguration;
			buildSettings = {
				ASSETCATALOG_COMPILER_APPICON_NAME = AppIcon;
				DEVELOPMENT_TEAM = 528XV59TD6;
				INFOPLIST_FILE = Pokedex/Info.plist;
				LD_RUNPATH_SEARCH_PATHS = "$(inherited) @executable_path/Frameworks";
				PRODUCT_BUNDLE_IDENTIFIER = Linh.Pokedex;
				PRODUCT_NAME = "$(TARGET_NAME)";
				SWIFT_VERSION = 3.0;
			};
			name = Release;
		};
/* End XCBuildConfiguration section */

/* Begin XCConfigurationList section */
		D0583E1D1DEBC48700AC553A /* Build configuration list for PBXProject "Pokedex" */ = {
			isa = XCConfigurationList;
			buildConfigurations = (
				D0583E351DEBC48700AC553A /* Debug */,
				D0583E361DEBC48700AC553A /* Release */,
			);
			defaultConfigurationIsVisible = 0;
			defaultConfigurationName = Release;
		};
		D0583E371DEBC48700AC553A /* Build configuration list for PBXNativeTarget "Pokedex" */ = {
			isa = XCConfigurationList;
			buildConfigurations = (
				D0583E381DEBC48700AC553A /* Debug */,
				D0583E391DEBC48700AC553A /* Release */,
			);
			defaultConfigurationIsVisible = 0;
		};
/* End XCConfigurationList section */

/* Begin XCVersionGroup section */
		D0583E2C1DEBC48700AC553A /* Pokedex.xcdatamodeld */ = {
			isa = XCVersionGroup;
			children = (
				D0583E2D1DEBC48700AC553A /* Pokedex.xcdatamodel */,
			);
			currentVersion = D0583E2D1DEBC48700AC553A /* Pokedex.xcdatamodel */;
			path = Pokedex.xcdatamodeld;
			sourceTree = "<group>";
			versionGroupType = wrapper.xcdatamodel;
		};
/* End XCVersionGroup section */
	};
	rootObject = D0583E1A1DEBC48700AC553A /* Project object */;
}
